
Microsoft Visual Studio Solution File, Format Version 12.00
# Visual Studio Version 17
VisualStudioVersion = 17.4.32912.340
MinimumVisualStudioVersion = 10.0.40219.1
Project("{FAE04EC0-301F-11D3-BF4B-00C04F79EFBC}") = "csharp-oop-shop", "csharp-oop-shop.csproj", "{6E4DABFE-D15A-41BC-94E1-26CB78FDC6E8}"
EndProject
Global
	GlobalSection(SolutionConfigurationPlatforms) = preSolution
		Debug|Any CPU = Debug|Any CPU
		Release|Any CPU = Release|Any CPU
	EndGlobalSection
	GlobalSection(ProjectConfigurationPlatforms) = postSolution
		{6E4DABFE-D15A-41BC-94E1-26CB78FDC6E8}.Debug|Any CPU.ActiveCfg = Debug|Any CPU
		{6E4DABFE-D15A-41BC-94E1-26CB78FDC6E8}.Debug|Any CPU.Build.0 = Debug|Any CPU
		{6E4DABFE-D15A-41BC-94E1-26CB78FDC6E8}.Release|Any CPU.ActiveCfg = Release|Any CPU
		{6E4DABFE-D15A-41BC-94E1-26CB78FDC6E8}.Release|Any CPU.Build.0 = Release|Any CPU
	EndGlobalSection
	GlobalSection(SolutionProperties) = preSolution
		HideSolutionNode = FALSE
	EndGlobalSection
	GlobalSection(ExtensibilityGlobals) = postSolution
		SolutionGuid = {08FC3E1A-EAD2-4783-9A63-F2D72E390502}
	EndGlobalSection
EndGlobal
